
Microsoft Visual Studio Solution File, Format Version 12.00
# Visual Studio Version 17
VisualStudioVersion = 17.1.32407.343
MinimumVisualStudioVersion = 10.0.40219.1
Project("{FAE04EC0-301F-11D3-BF4B-00C04F79EFBC}") = "Pratik-2", "Pratik-2\Pratik-2.csproj", "{4BFFCD5C-34F5-4E85-B307-65F55D1084F3}"
EndProject
Global
	GlobalSection(SolutionConfigurationPlatforms) = preSolution
		Debug|Any CPU = Debug|Any CPU
		Release|Any CPU = Release|Any CPU
	EndGlobalSection
	GlobalSection(ProjectConfigurationPlatforms) = postSolution
		{4BFFCD5C-34F5-4E85-B307-65F55D1084F3}.Debug|Any CPU.ActiveCfg = Debug|Any CPU
		{4BFFCD5C-34F5-4E85-B307-65F55D1084F3}.Debug|Any CPU.Build.0 = Debug|Any CPU
		{4BFFCD5C-34F5-4E85-B307-65F55D1084F3}.Release|Any CPU.ActiveCfg = Release|Any CPU
		{4BFFCD5C-34F5-4E85-B307-65F55D1084F3}.Release|Any CPU.Build.0 = Release|Any CPU
	EndGlobalSection
	GlobalSection(SolutionProperties) = preSolution
		HideSolutionNode = FALSE
	EndGlobalSection
	GlobalSection(ExtensibilityGlobals) = postSolution
		SolutionGuid = {CF8B6FE7-B343-4CF4-AF73-1E896CB49DFA}
	EndGlobalSection
EndGlobal
